
Microsoft Visual Studio Solution File, Format Version 12.00
# Visual Studio Version 16
VisualStudioVersion = 16.0.28922.388
MinimumVisualStudioVersion = 10.0.40219.1
Project("{FAE04EC0-301F-11D3-BF4B-00C04F79EFBC}") = "Brightness corrections", "Brightness corrections.csproj", "{BB8BCDB1-4341-4FFF-A27D-2904CF9EA5C7}"
EndProject
Global
	GlobalSection(SolutionConfigurationPlatforms) = preSolution
		Debug|Any CPU = Debug|Any CPU
		Release|Any CPU = Release|Any CPU
	EndGlobalSection
	GlobalSection(ProjectConfigurationPlatforms) = postSolution
		{BB8BCDB1-4341-4FFF-A27D-2904CF9EA5C7}.Debug|Any CPU.ActiveCfg = Debug|Any CPU
		{BB8BCDB1-4341-4FFF-A27D-2904CF9EA5C7}.Debug|Any CPU.Build.0 = Debug|Any CPU
		{BB8BCDB1-4341-4FFF-A27D-2904CF9EA5C7}.Release|Any CPU.ActiveCfg = Release|Any CPU
		{BB8BCDB1-4341-4FFF-A27D-2904CF9EA5C7}.Release|Any CPU.Build.0 = Release|Any CPU
	EndGlobalSection
	GlobalSection(SolutionProperties) = preSolution
		HideSolutionNode = FALSE
	EndGlobalSection
	GlobalSection(ExtensibilityGlobals) = postSolution
		SolutionGuid = {DB336C58-A667-46DD-9E2D-CB0B12514726}
	EndGlobalSection
EndGlobal
